// !$*UTF8*$!
{
	archiveVersion = 1;
	classes = {
	};
	objectVersion = 46;
	objects = {

/* Begin PBXBuildFile section */
		C07D5AC91F72F7E400A88BA6 /* SCMusicDatabase.swift in Sources */ = {isa = PBXBuildFile; fileRef = C07D5AC81F72F7E400A88BA6 /* SCMusicDatabase.swift */; };
		C07D5ACB1F73003900A88BA6 /* SCTabBarView.swift in Sources */ = {isa = PBXBuildFile; fileRef = C07D5ACA1F73003900A88BA6 /* SCTabBarView.swift */; };
		C093553A1F6A2FD10033DD5C /* AppDelegate.swift in Sources */ = {isa = PBXBuildFile; fileRef = C09355391F6A2FD10033DD5C /* AppDelegate.swift */; };
		C093553C1F6A2FD10033DD5C /* ViewController.swift in Sources */ = {isa = PBXBuildFile; fileRef = C093553B1F6A2FD10033DD5C /* ViewController.swift */; };
		C093553F1F6A2FD10033DD5C /* Main.storyboard in Resources */ = {isa = PBXBuildFile; fileRef = C093553D1F6A2FD10033DD5C /* Main.storyboard */; };
		C09355411F6A2FD10033DD5C /* Assets.xcassets in Resources */ = {isa = PBXBuildFile; fileRef = C09355401F6A2FD10033DD5C /* Assets.xcassets */; };
		C09355441F6A2FD10033DD5C /* LaunchScreen.storyboard in Resources */ = {isa = PBXBuildFile; fileRef = C09355421F6A2FD10033DD5C /* LaunchScreen.storyboard */; };
		C093554C1F6B39B10033DD5C /* Song.swift in Sources */ = {isa = PBXBuildFile; fileRef = C093554B1F6B39B10033DD5C /* Song.swift */; };
		C093554E1F6B6AD40033DD5C /* MusicTableViewCell.swift in Sources */ = {isa = PBXBuildFile; fileRef = C093554D1F6B6AD40033DD5C /* MusicTableViewCell.swift */; };
		C09355501F6B70DB0033DD5C /* 01. High Hopes.mp3 in Resources */ = {isa = PBXBuildFile; fileRef = C093554F1F6B70DB0033DD5C /* 01. High Hopes.mp3 */; };
		C09355521F6B70E80033DD5C /* On My Mind_246964322_soundcloud.mp3 in Resources */ = {isa = PBXBuildFile; fileRef = C09355511F6B70E80033DD5C /* On My Mind_246964322_soundcloud.mp3 */; };
		C09355541F6B70F70033DD5C /* Bout It- PND_211209348_soundcloud.mp3 in Resources */ = {isa = PBXBuildFile; fileRef = C09355531F6B70F70033DD5C /* Bout It- PND_211209348_soundcloud.mp3 */; };
		C09355561F6B710F0033DD5C /* 03 - Summer Friends (feat Jeremih Francis The Lights).mp3 in Resources */ = {isa = PBXBuildFile; fileRef = C09355551F6B710F0033DD5C /* 03 - Summer Friends (feat Jeremih Francis The Lights).mp3 */; };
		C09355581F6B71640033DD5C /* J.K. The Reaper - Exodia (jam edit)_262577496_soundcloud.mp3 in Resources */ = {isa = PBXBuildFile; fileRef = C09355571F6B71640033DD5C /* J.K. The Reaper - Exodia (jam edit)_262577496_soundcloud.mp3 */; };
		C093555A1F6B71AF0033DD5C /* Sampha.mp3 in Resources */ = {isa = PBXBuildFile; fileRef = C09355591F6B71AF0033DD5C /* Sampha.mp3 */; };
		C093555C1F6B71E20033DD5C /* cat soup - icasm 2096 - 09 ledge glow.mp3 in Resources */ = {isa = PBXBuildFile; fileRef = C093555B1F6B71E10033DD5C /* cat soup - icasm 2096 - 09 ledge glow.mp3 */; };
		C0C97B431F6E753E00B4CB2F /* SCAVAudioPlayer.swift in Sources */ = {isa = PBXBuildFile; fileRef = C0C97B421F6E753E00B4CB2F /* SCAVAudioPlayer.swift */; };
		C0C97B451F6E84E900B4CB2F /* SCUIImageView.swift in Sources */ = {isa = PBXBuildFile; fileRef = C0C97B441F6E84E900B4CB2F /* SCUIImageView.swift */; };
		C0C97B471F6E9D8000B4CB2F /* SCContainerView.swift in Sources */ = {isa = PBXBuildFile; fileRef = C0C97B461F6E9D8000B4CB2F /* SCContainerView.swift */; };
/* End PBXBuildFile section */

/* Begin PBXFileReference section */
		C07D5AC81F72F7E400A88BA6 /* SCMusicDatabase.swift */ = {isa = PBXFileReference; fileEncoding = 4; lastKnownFileType = sourcecode.swift; path = SCMusicDatabase.swift; sourceTree = "<group>"; };
		C07D5ACA1F73003900A88BA6 /* SCTabBarView.swift */ = {isa = PBXFileReference; fileEncoding = 4; lastKnownFileType = sourcecode.swift; path = SCTabBarView.swift; sourceTree = "<group>"; };
		C09355361F6A2FD10033DD5C /* soundcloud_challenge.app */ = {isa = PBXFileReference; explicitFileType = wrapper.application; includeInIndex = 0; path = soundcloud_challenge.app; sourceTree = BUILT_PRODUCTS_DIR; };
		C09355391F6A2FD10033DD5C /* AppDelegate.swift */ = {isa = PBXFileReference; lastKnownFileType = sourcecode.swift; path = AppDelegate.swift; sourceTree = "<group>"; };
		C093553B1F6A2FD10033DD5C /* ViewController.swift */ = {isa = PBXFileReference; lastKnownFileType = sourcecode.swift; path = ViewController.swift; sourceTree = "<group>"; };
		C093553E1F6A2FD10033DD5C /* Base */ = {isa = PBXFileReference; lastKnownFileType = file.storyboard; name = Base; path = Base.lproj/Main.storyboard; sourceTree = "<group>"; };
		C09355401F6A2FD10033DD5C /* Assets.xcassets */ = {isa = PBXFileReference; lastKnownFileType = folder.assetcatalog; path = Assets.xcassets; sourceTree = "<group>"; };
		C09355431F6A2FD10033DD5C /* Base */ = {isa = PBXFileReference; lastKnownFileType = file.storyboard; name = Base; path = Base.lproj/LaunchScreen.storyboard; sourceTree = "<group>"; };
		C09355451F6A2FD10033DD5C /* Info.plist */ = {isa = PBXFileReference; lastKnownFileType = text.plist.xml; path = Info.plist; sourceTree = "<group>"; };
		C093554B1F6B39B10033DD5C /* Song.swift */ = {isa = PBXFileReference; fileEncoding = 4; lastKnownFileType = sourcecode.swift; path = Song.swift; sourceTree = "<group>"; };
		C093554D1F6B6AD40033DD5C /* MusicTableViewCell.swift */ = {isa = PBXFileReference; fileEncoding = 4; lastKnownFileType = sourcecode.swift; path = MusicTableViewCell.swift; sourceTree = "<group>"; };
		C093554F1F6B70DB0033DD5C /* 01. High Hopes.mp3 */ = {isa = PBXFileReference; lastKnownFileType = audio.mp3; path = "01. High Hopes.mp3"; sourceTree = "<group>"; };
		C09355511F6B70E80033DD5C /* On My Mind_246964322_soundcloud.mp3 */ = {isa = PBXFileReference; lastKnownFileType = audio.mp3; path = "On My Mind_246964322_soundcloud.mp3"; sourceTree = "<group>"; };
		C09355531F6B70F70033DD5C /* Bout It- PND_211209348_soundcloud.mp3 */ = {isa = PBXFileReference; lastKnownFileType = audio.mp3; path = "Bout It- PND_211209348_soundcloud.mp3"; sourceTree = "<group>"; };
		C09355551F6B710F0033DD5C /* 03 - Summer Friends (feat Jeremih Francis The Lights).mp3 */ = {isa = PBXFileReference; lastKnownFileType = audio.mp3; path = "03 - Summer Friends (feat Jeremih Francis The Lights).mp3"; sourceTree = "<group>"; };
		C09355571F6B71640033DD5C /* J.K. The Reaper - Exodia (jam edit)_262577496_soundcloud.mp3 */ = {isa = PBXFileReference; lastKnownFileType = audio.mp3; path = "J.K. The Reaper - Exodia (jam edit)_262577496_soundcloud.mp3"; sourceTree = "<group>"; };
		C09355591F6B71AF0033DD5C /* Sampha.mp3 */ = {isa = PBXFileReference; lastKnownFileType = audio.mp3; path = Sampha.mp3; sourceTree = "<group>"; };
		C093555B1F6B71E10033DD5C /* cat soup - icasm 2096 - 09 ledge glow.mp3 */ = {isa = PBXFileReference; lastKnownFileType = audio.mp3; path = "cat soup - icasm 2096 - 09 ledge glow.mp3"; sourceTree = "<group>"; };
		C093555D1F6B78290033DD5C /* 01 Sonic Boom.mp3 */ = {isa = PBXFileReference; lastKnownFileType = audio.mp3; path = "01 Sonic Boom.mp3"; sourceTree = "<group>"; };
		C0C97B421F6E753E00B4CB2F /* SCAVAudioPlayer.swift */ = {isa = PBXFileReference; fileEncoding = 4; lastKnownFileType = sourcecode.swift; path = SCAVAudioPlayer.swift; sourceTree = "<group>"; };
		C0C97B441F6E84E900B4CB2F /* SCUIImageView.swift */ = {isa = PBXFileReference; fileEncoding = 4; lastKnownFileType = sourcecode.swift; path = SCUIImageView.swift; sourceTree = "<group>"; };
		C0C97B461F6E9D8000B4CB2F /* SCContainerView.swift */ = {isa = PBXFileReference; fileEncoding = 4; lastKnownFileType = sourcecode.swift; path = SCContainerView.swift; sourceTree = "<group>"; };
/* End PBXFileReference section */

/* Begin PBXFrameworksBuildPhase section */
		C09355331F6A2FD10033DD5C /* Frameworks */ = {
			isa = PBXFrameworksBuildPhase;
			buildActionMask = 2147483647;
			files = (
			);
			runOnlyForDeploymentPostprocessing = 0;
		};
/* End PBXFrameworksBuildPhase section */

/* Begin PBXGroup section */
		C07D5AC61F72F71400A88BA6 /* Music */ = {
			isa = PBXGroup;
			children = (
				C093555D1F6B78290033DD5C /* 01 Sonic Boom.mp3 */,
				C093554F1F6B70DB0033DD5C /* 01. High Hopes.mp3 */,
				C09355551F6B710F0033DD5C /* 03 - Summer Friends (feat Jeremih Francis The Lights).mp3 */,
				C09355591F6B71AF0033DD5C /* Sampha.mp3 */,
				C09355571F6B71640033DD5C /* J.K. The Reaper - Exodia (jam edit)_262577496_soundcloud.mp3 */,
				C09355531F6B70F70033DD5C /* Bout It- PND_211209348_soundcloud.mp3 */,
				C093555B1F6B71E10033DD5C /* cat soup - icasm 2096 - 09 ledge glow.mp3 */,
				C09355511F6B70E80033DD5C /* On My Mind_246964322_soundcloud.mp3 */,
			);
			name = Music;
			sourceTree = "<group>";
		};
		C07D5AC71F72F76600A88BA6 /* SCCompoments */ = {
			isa = PBXGroup;
			children = (
				C0C97B421F6E753E00B4CB2F /* SCAVAudioPlayer.swift */,
				C0C97B441F6E84E900B4CB2F /* SCUIImageView.swift */,
				C0C97B461F6E9D8000B4CB2F /* SCContainerView.swift */,
				C07D5AC81F72F7E400A88BA6 /* SCMusicDatabase.swift */,
				C07D5ACA1F73003900A88BA6 /* SCTabBarView.swift */,
			);
			name = SCCompoments;
			sourceTree = "<group>";
		};
		C093552D1F6A2FD10033DD5C = {
			isa = PBXGroup;
			children = (
				C09355381F6A2FD10033DD5C /* soundcloud_challenge */,
				C09355371F6A2FD10033DD5C /* Products */,
			);
			sourceTree = "<group>";
		};
		C09355371F6A2FD10033DD5C /* Products */ = {
			isa = PBXGroup;
			children = (
				C09355361F6A2FD10033DD5C /* soundcloud_challenge.app */,
			);
			name = Products;
			sourceTree = "<group>";
		};
		C09355381F6A2FD10033DD5C /* soundcloud_challenge */ = {
			isa = PBXGroup;
			children = (
				C07D5AC71F72F76600A88BA6 /* SCCompoments */,
				C07D5AC61F72F71400A88BA6 /* Music */,
				C09355391F6A2FD10033DD5C /* AppDelegate.swift */,
				C093553B1F6A2FD10033DD5C /* ViewController.swift */,
				C093554D1F6B6AD40033DD5C /* MusicTableViewCell.swift */,
				C093553D1F6A2FD10033DD5C /* Main.storyboard */,
				C093554B1F6B39B10033DD5C /* Song.swift */,
				C09355401F6A2FD10033DD5C /* Assets.xcassets */,
				C09355421F6A2FD10033DD5C /* LaunchScreen.storyboard */,
				C09355451F6A2FD10033DD5C /* Info.plist */,
			);
			path = soundcloud_challenge;
			sourceTree = "<group>";
		};
/* End PBXGroup section */

/* Begin PBXNativeTarget section */
		C09355351F6A2FD10033DD5C /* soundcloud_challenge */ = {
			isa = PBXNativeTarget;
			buildConfigurationList = C09355481F6A2FD10033DD5C /* Build configuration list for PBXNativeTarget "soundcloud_challenge" */;
			buildPhases = (
				C09355321F6A2FD10033DD5C /* Sources */,
				C09355331F6A2FD10033DD5C /* Frameworks */,
				C09355341F6A2FD10033DD5C /* Resources */,
			);
			buildRules = (
			);
			dependencies = (
			);
			name = soundcloud_challenge;
			productName = soundcloud_challenge;
			productReference = C09355361F6A2FD10033DD5C /* soundcloud_challenge.app */;
			productType = "com.apple.product-type.application";
		};
/* End PBXNativeTarget section */

/* Begin PBXProject section */
		C093552E1F6A2FD10033DD5C /* Project object */ = {
			isa = PBXProject;
			attributes = {
				LastSwiftUpdateCheck = 0830;
				LastUpgradeCheck = 0830;
				ORGANIZATIONNAME = "Marquavious Draggon";
				TargetAttributes = {
					C09355351F6A2FD10033DD5C = {
						CreatedOnToolsVersion = 8.3.3;
						DevelopmentTeam = 44L8G96RH5;
						ProvisioningStyle = Automatic;
					};
				};
			};
			buildConfigurationList = C09355311F6A2FD10033DD5C /* Build configuration list for PBXProject "soundcloud_challenge" */;
			compatibilityVersion = "Xcode 3.2";
			developmentRegion = English;
			hasScannedForEncodings = 0;
			knownRegions = (
				en,
				Base,
			);
			mainGroup = C093552D1F6A2FD10033DD5C;
			productRefGroup = C09355371F6A2FD10033DD5C /* Products */;
			projectDirPath = "";
			projectRoot = "";
			targets = (
				C09355351F6A2FD10033DD5C /* soundcloud_challenge */,
			);
		};
/* End PBXProject section */

/* Begin PBXResourcesBuildPhase section */
		C09355341F6A2FD10033DD5C /* Resources */ = {
			isa = PBXResourcesBuildPhase;
			buildActionMask = 2147483647;
			files = (
				C09355561F6B710F0033DD5C /* 03 - Summer Friends (feat Jeremih Francis The Lights).mp3 in Resources */,
				C093555A1F6B71AF0033DD5C /* Sampha.mp3 in Resources */,
				C09355441F6A2FD10033DD5C /* LaunchScreen.storyboard in Resources */,
				C09355541F6B70F70033DD5C /* Bout It- PND_211209348_soundcloud.mp3 in Resources */,
				C09355411F6A2FD10033DD5C /* Assets.xcassets in Resources */,
				C093555C1F6B71E20033DD5C /* cat soup - icasm 2096 - 09 ledge glow.mp3 in Resources */,
				C09355501F6B70DB0033DD5C /* 01. High Hopes.mp3 in Resources */,
				C09355521F6B70E80033DD5C /* On My Mind_246964322_soundcloud.mp3 in Resources */,
				C093553F1F6A2FD10033DD5C /* Main.storyboard in Resources */,
				C09355581F6B71640033DD5C /* J.K. The Reaper - Exodia (jam edit)_262577496_soundcloud.mp3 in Resources */,
			);
			runOnlyForDeploymentPostprocessing = 0;
		};
/* End PBXResourcesBuildPhase section */

/* Begin PBXSourcesBuildPhase section */
		C09355321F6A2FD10033DD5C /* Sources */ = {
			isa = PBXSourcesBuildPhase;
			buildActionMask = 2147483647;
			files = (
				C0C97B471F6E9D8000B4CB2F /* SCContainerView.swift in Sources */,
				C0C97B431F6E753E00B4CB2F /* SCAVAudioPlayer.swift in Sources */,
				C093554C1F6B39B10033DD5C /* Song.swift in Sources */,
				C0C97B451F6E84E900B4CB2F /* SCUIImageView.swift in Sources */,
				C07D5AC91F72F7E400A88BA6 /* SCMusicDatabase.swift in Sources */,
				C093553C1F6A2FD10033DD5C /* ViewController.swift in Sources */,
				C093553A1F6A2FD10033DD5C /* AppDelegate.swift in Sources */,
				C093554E1F6B6AD40033DD5C /* MusicTableViewCell.swift in Sources */,
				C07D5ACB1F73003900A88BA6 /* SCTabBarView.swift in Sources */,
			);
			runOnlyForDeploymentPostprocessing = 0;
		};
/* End PBXSourcesBuildPhase section */

/* Begin PBXVariantGroup section */
		C093553D1F6A2FD10033DD5C /* Main.storyboard */ = {
			isa = PBXVariantGroup;
			children = (
				C093553E1F6A2FD10033DD5C /* Base */,
			);
			name = Main.storyboard;
			sourceTree = "<group>";
		};
		C09355421F6A2FD10033DD5C /* LaunchScreen.storyboard */ = {
			isa = PBXVariantGroup;
			children = (
				C09355431F6A2FD10033DD5C /* Base */,
			);
			name = LaunchScreen.storyboard;
			sourceTree = "<group>";
		};
/* End PBXVariantGroup section */

/* Begin XCBuildConfiguration section */
		C09355461F6A2FD10033DD5C /* Debug */ = {
			isa = XCBuildConfiguration;
			buildSettings = {
				ALWAYS_SEARCH_USER_PATHS = NO;
				CLANG_ANALYZER_NONNULL = YES;
				CLANG_ANALYZER_NUMBER_OBJECT_CONVERSION = YES_AGGRESSIVE;
				CLANG_CXX_LANGUAGE_STANDARD = "gnu++0x";
				CLANG_CXX_LIBRARY = "libc++";
				CLANG_ENABLE_MODULES = YES;
				CLANG_ENABLE_OBJC_ARC = YES;
				CLANG_WARN_BOOL_CONVERSION = YES;
				CLANG_WARN_CONSTANT_CONVERSION = YES;
				CLANG_WARN_DIRECT_OBJC_ISA_USAGE = YES_ERROR;
				CLANG_WARN_DOCUMENTATION_COMMENTS = YES;
				CLANG_WARN_EMPTY_BODY = YES;
				CLANG_WARN_ENUM_CONVERSION = YES;
				CLANG_WARN_INFINITE_RECURSION = YES;
				CLANG_WARN_INT_CONVERSION = YES;
				CLANG_WARN_OBJC_ROOT_CLASS = YES_ERROR;
				CLANG_WARN_SUSPICIOUS_MOVE = YES;
				CLANG_WARN_UNREACHABLE_CODE = YES;
				CLANG_WARN__DUPLICATE_METHOD_MATCH = YES;
				"CODE_SIGN_IDENTITY[sdk=iphoneos*]" = "iPhone Developer";
				COPY_PHASE_STRIP = NO;
				DEBUG_INFORMATION_FORMAT = dwarf;
				ENABLE_STRICT_OBJC_MSGSEND = YES;
				ENABLE_TESTABILITY = YES;
				GCC_C_LANGUAGE_STANDARD = gnu99;
				GCC_DYNAMIC_NO_PIC = NO;
				GCC_NO_COMMON_BLOCKS = YES;
				GCC_OPTIMIZATION_LEVEL = 0;
				GCC_PREPROCESSOR_DEFINITIONS = (
					"DEBUG=1",
					"$(inherited)",
				);
				GCC_WARN_64_TO_32_BIT_CONVERSION = YES;
				GCC_WARN_ABOUT_RETURN_TYPE = YES_ERROR;
				GCC_WARN_UNDECLARED_SELECTOR = YES;
				GCC_WARN_UNINITIALIZED_AUTOS = YES_AGGRESSIVE;
				GCC_WARN_UNUSED_FUNCTION = YES;
				GCC_WARN_UNUSED_VARIABLE = YES;
				IPHONEOS_DEPLOYMENT_TARGET = 10.3;
				MTL_ENABLE_DEBUG_INFO = YES;
				ONLY_ACTIVE_ARCH = YES;
				SDKROOT = iphoneos;
				SWIFT_ACTIVE_COMPILATION_CONDITIONS = DEBUG;
				SWIFT_OPTIMIZATION_LEVEL = "-Onone";
			};
			name = Debug;
		};
		C09355471F6A2FD10033DD5C /* Release */ = {
			isa = XCBuildConfiguration;
			buildSettings = {
				ALWAYS_SEARCH_USER_PATHS = NO;
				CLANG_ANALYZER_NONNULL = YES;
				CLANG_ANALYZER_NUMBER_OBJECT_CONVERSION = YES_AGGRESSIVE;
				CLANG_CXX_LANGUAGE_STANDARD = "gnu++0x";
				CLANG_CXX_LIBRARY = "libc++";
				CLANG_ENABLE_MODULES = YES;
				CLANG_ENABLE_OBJC_ARC = YES;
				CLANG_WARN_BOOL_CONVERSION = YES;
				CLANG_WARN_CONSTANT_CONVERSION = YES;
				CLANG_WARN_DIRECT_OBJC_ISA_USAGE = YES_ERROR;
				CLANG_WARN_DOCUMENTATION_COMMENTS = YES;
				CLANG_WARN_EMPTY_BODY = YES;
				CLANG_WARN_ENUM_CONVERSION = YES;
				CLANG_WARN_INFINITE_RECURSION = YES;
				CLANG_WARN_INT_CONVERSION = YES;
				CLANG_WARN_OBJC_ROOT_CLASS = YES_ERROR;
				CLANG_WARN_SUSPICIOUS_MOVE = YES;
				CLANG_WARN_UNREACHABLE_CODE = YES;
				CLANG_WARN__DUPLICATE_METHOD_MATCH = YES;
				"CODE_SIGN_IDENTITY[sdk=iphoneos*]" = "iPhone Developer";
				COPY_PHASE_STRIP = NO;
				DEBUG_INFORMATION_FORMAT = "dwarf-with-dsym";
				ENABLE_NS_ASSERTIONS = NO;
				ENABLE_STRICT_OBJC_MSGSEND = YES;
				GCC_C_LANGUAGE_STANDARD = gnu99;
				GCC_NO_COMMON_BLOCKS = YES;
				GCC_WARN_64_TO_32_BIT_CONVERSION = YES;
				GCC_WARN_ABOUT_RETURN_TYPE = YES_ERROR;
				GCC_WARN_UNDECLARED_SELECTOR = YES;
				GCC_WARN_UNINITIALIZED_AUTOS = YES_AGGRESSIVE;
				GCC_WARN_UNUSED_FUNCTION = YES;
				GCC_WARN_UNUSED_VARIABLE = YES;
				IPHONEOS_DEPLOYMENT_TARGET = 10.3;
				MTL_ENABLE_DEBUG_INFO = NO;
				SDKROOT = iphoneos;
				SWIFT_OPTIMIZATION_LEVEL = "-Owholemodule";
				VALIDATE_PRODUCT = YES;
			};
			name = Release;
		};
		C09355491F6A2FD10033DD5C /* Debug */ = {
			isa = XCBuildConfiguration;
			buildSettings = {
				ASSETCATALOG_COMPILER_APPICON_NAME = AppIcon;
				DEVELOPMENT_TEAM = 44L8G96RH5;
				INFOPLIST_FILE = soundcloud_challenge/Info.plist;
				LD_RUNPATH_SEARCH_PATHS = "$(inherited) @executable_path/Frameworks";
				PRODUCT_BUNDLE_IDENTIFIER = "com.marquavious.soundcloud-challenge";
				PRODUCT_NAME = "$(TARGET_NAME)";
				SWIFT_VERSION = 3.0;
			};
			name = Debug;
		};
		C093554A1F6A2FD10033DD5C /* Release */ = {
			isa = XCBuildConfiguration;
			buildSettings = {
				ASSETCATALOG_COMPILER_APPICON_NAME = AppIcon;
				DEVELOPMENT_TEAM = 44L8G96RH5;
				INFOPLIST_FILE = soundcloud_challenge/Info.plist;
				LD_RUNPATH_SEARCH_PATHS = "$(inherited) @executable_path/Frameworks";
				PRODUCT_BUNDLE_IDENTIFIER = "com.marquavious.soundcloud-challenge";
				PRODUCT_NAME = "$(TARGET_NAME)";
				SWIFT_VERSION = 3.0;
			};
			name = Release;
		};
/* End XCBuildConfiguration section */

/* Begin XCConfigurationList section */
		C09355311F6A2FD10033DD5C /* Build configuration list for PBXProject "soundcloud_challenge" */ = {
			isa = XCConfigurationList;
			buildConfigurations = (
				C09355461F6A2FD10033DD5C /* Debug */,
				C09355471F6A2FD10033DD5C /* Release */,
			);
			defaultConfigurationIsVisible = 0;
			defaultConfigurationName = Release;
		};
		C09355481F6A2FD10033DD5C /* Build configuration list for PBXNativeTarget "soundcloud_challenge" */ = {
			isa = XCConfigurationList;
			buildConfigurations = (
				C09355491F6A2FD10033DD5C /* Debug */,
				C093554A1F6A2FD10033DD5C /* Release */,
			);
			defaultConfigurationIsVisible = 0;
			defaultConfigurationName = Release;
		};
/* End XCConfigurationList section */
	};
	rootObject = C093552E1F6A2FD10033DD5C /* Project object */;
}
